
Microsoft Visual Studio Solution File, Format Version 12.00
# Visual Studio Version 17
VisualStudioVersion = 17.7.34024.191
MinimumVisualStudioVersion = 10.0.40219.1
Project("{8BC9CEB8-8B4A-11D0-8D11-00A0C91BC942}") = "HuffmanTree", "HuffmanTree.vcxproj", "{70FDA4E9-D224-4FF5-81D2-EBD3A8726A09}"
EndProject
Global
	GlobalSection(SolutionConfigurationPlatforms) = preSolution
		Debug|x64 = Debug|x64
		Debug|x86 = Debug|x86
		Release|x64 = Release|x64
		Release|x86 = Release|x86
	EndGlobalSection
	GlobalSection(ProjectConfigurationPlatforms) = postSolution
		{70FDA4E9-D224-4FF5-81D2-EBD3A8726A09}.Debug|x64.ActiveCfg = Debug|x64
		{70FDA4E9-D224-4FF5-81D2-EBD3A8726A09}.Debug|x64.Build.0 = Debug|x64
		{70FDA4E9-D224-4FF5-81D2-EBD3A8726A09}.Debug|x86.ActiveCfg = Debug|Win32
		{70FDA4E9-D224-4FF5-81D2-EBD3A8726A09}.Debug|x86.Build.0 = Debug|Win32
		{70FDA4E9-D224-4FF5-81D2-EBD3A8726A09}.Release|x64.ActiveCfg = Release|x64
		{70FDA4E9-D224-4FF5-81D2-EBD3A8726A09}.Release|x64.Build.0 = Release|x64
		{70FDA4E9-D224-4FF5-81D2-EBD3A8726A09}.Release|x86.ActiveCfg = Release|Win32
		{70FDA4E9-D224-4FF5-81D2-EBD3A8726A09}.Release|x86.Build.0 = Release|Win32
	EndGlobalSection
	GlobalSection(SolutionProperties) = preSolution
		HideSolutionNode = FALSE
	EndGlobalSection
	GlobalSection(ExtensibilityGlobals) = postSolution
		SolutionGuid = {1DA48BBD-762D-4291-B3E9-DEB3C5244A14}
	EndGlobalSection
EndGlobal
